// !$*UTF8*$!
{
	archiveVersion = 1;
	classes = {
	};
	objectVersion = 56;
	objects = {

/* Begin PBXBuildFile section */
		557C2B502B9740CE0090FAD4 /* AppDelegate.swift in Sources */ = {isa = PBXBuildFile; fileRef = 557C2B4F2B9740CE0090FAD4 /* AppDelegate.swift */; };
		557C2B522B9740CF0090FAD4 /* SceneDelegate.swift in Sources */ = {isa = PBXBuildFile; fileRef = 557C2B512B9740CF0090FAD4 /* SceneDelegate.swift */; };
		557C2B542B9740CF0090FAD4 /* ViewController.swift in Sources */ = {isa = PBXBuildFile; fileRef = 557C2B532B9740CF0090FAD4 /* ViewController.swift */; };
		557C2B592B9740D00090FAD4 /* Assets.xcassets in Resources */ = {isa = PBXBuildFile; fileRef = 557C2B582B9740D00090FAD4 /* Assets.xcassets */; };
		557C2B652BA09F030090FAD4 /* SnapKit in Frameworks */ = {isa = PBXBuildFile; productRef = 557C2B642BA09F030090FAD4 /* SnapKit */; };
		557C2B672BA09F030090FAD4 /* SnapKit-Dynamic in Frameworks */ = {isa = PBXBuildFile; productRef = 557C2B662BA09F030090FAD4 /* SnapKit-Dynamic */; };
		557C2B6A2BA09F440090FAD4 /* SofaAcademic in Frameworks */ = {isa = PBXBuildFile; productRef = 557C2B692BA09F440090FAD4 /* SofaAcademic */; };
		557C2B6D2BA0A2B60090FAD4 /* Event.swift in Sources */ = {isa = PBXBuildFile; fileRef = 557C2B6C2BA0A2B60090FAD4 /* Event.swift */; };
		557C2B6F2BA0A2CD0090FAD4 /* League.swift in Sources */ = {isa = PBXBuildFile; fileRef = 557C2B6E2BA0A2CD0090FAD4 /* League.swift */; };
		557C2B722BA0A3560090FAD4 /* MatchStatus.swift in Sources */ = {isa = PBXBuildFile; fileRef = 557C2B712BA0A3560090FAD4 /* MatchStatus.swift */; };
		557C2B742BA0A5900090FAD4 /* FootballTeam.swift in Sources */ = {isa = PBXBuildFile; fileRef = 557C2B732BA0A5900090FAD4 /* FootballTeam.swift */; };
		557C2B772BA1C0020090FAD4 /* DataSourceProtocol.swift in Sources */ = {isa = PBXBuildFile; fileRef = 557C2B762BA1C0020090FAD4 /* DataSourceProtocol.swift */; };
		557C2B792BA1C05A0090FAD4 /* MockData.swift in Sources */ = {isa = PBXBuildFile; fileRef = 557C2B782BA1C05A0090FAD4 /* MockData.swift */; };
		557C2B7B2BA1C57A0090FAD4 /* EventRepository.swift in Sources */ = {isa = PBXBuildFile; fileRef = 557C2B7A2BA1C57A0090FAD4 /* EventRepository.swift */; };
		557C2B802BA1C8930090FAD4 /* EventView.swift in Sources */ = {isa = PBXBuildFile; fileRef = 557C2B7F2BA1C8930090FAD4 /* EventView.swift */; };
		557C2B832BA1CC690090FAD4 /* Fonts.swift in Sources */ = {isa = PBXBuildFile; fileRef = 557C2B822BA1CC690090FAD4 /* Fonts.swift */; };
		557C2B852BA1CC990090FAD4 /* Colors.swift in Sources */ = {isa = PBXBuildFile; fileRef = 557C2B842BA1CC990090FAD4 /* Colors.swift */; };
		557C2B872BA1CCB80090FAD4 /* Strings.swift in Sources */ = {isa = PBXBuildFile; fileRef = 557C2B862BA1CCB80090FAD4 /* Strings.swift */; };
		557C2B892BA1FC8F0090FAD4 /* LeagueView.swift in Sources */ = {isa = PBXBuildFile; fileRef = 557C2B882BA1FC8F0090FAD4 /* LeagueView.swift */; };
		557C2B8C2BA206FF0090FAD4 /* Roboto-Bold.ttf in Resources */ = {isa = PBXBuildFile; fileRef = 557C2B8A2BA206FF0090FAD4 /* Roboto-Bold.ttf */; };
		557C2B8D2BA206FF0090FAD4 /* Roboto-Regular.ttf in Resources */ = {isa = PBXBuildFile; fileRef = 557C2B8B2BA206FF0090FAD4 /* Roboto-Regular.ttf */; };
		557C2B902BA207770090FAD4 /* Roboto Condensed Regular.ttf in Resources */ = {isa = PBXBuildFile; fileRef = 557C2B8F2BA207770090FAD4 /* Roboto Condensed Regular.ttf */; };
		557C2B942BA465150090FAD4 /* TeamInfoView.swift in Sources */ = {isa = PBXBuildFile; fileRef = 557C2B932BA465150090FAD4 /* TeamInfoView.swift */; };
		557C2B962BA46D300090FAD4 /* TeamScoreView.swift in Sources */ = {isa = PBXBuildFile; fileRef = 557C2B952BA46D300090FAD4 /* TeamScoreView.swift */; };
		557C2BD02BA99E8A0090FAD4 /* EventsViewController.swift in Sources */ = {isa = PBXBuildFile; fileRef = 557C2BCF2BA99E8A0090FAD4 /* EventsViewController.swift */; };
		557C2BD22BA9A3A20090FAD4 /* EventCell.swift in Sources */ = {isa = PBXBuildFile; fileRef = 557C2BD12BA9A3A20090FAD4 /* EventCell.swift */; };
		557C2BD42BA9C7BD0090FAD4 /* LeagueCell.swift in Sources */ = {isa = PBXBuildFile; fileRef = 557C2BD32BA9C7BD0090FAD4 /* LeagueCell.swift */; };
		557C2BDC2BA9D9520090FAD4 /* Section.swift in Sources */ = {isa = PBXBuildFile; fileRef = 557C2BDB2BA9D9520090FAD4 /* Section.swift */; };
/* End PBXBuildFile section */

/* Begin PBXFileReference section */
		557C2B4C2B9740CE0090FAD4 /* Sofascore.app */ = {isa = PBXFileReference; explicitFileType = wrapper.application; includeInIndex = 0; path = Sofascore.app; sourceTree = BUILT_PRODUCTS_DIR; };
		557C2B4F2B9740CE0090FAD4 /* AppDelegate.swift */ = {isa = PBXFileReference; lastKnownFileType = sourcecode.swift; path = AppDelegate.swift; sourceTree = "<group>"; };
		557C2B512B9740CF0090FAD4 /* SceneDelegate.swift */ = {isa = PBXFileReference; lastKnownFileType = sourcecode.swift; path = SceneDelegate.swift; sourceTree = "<group>"; };
		557C2B532B9740CF0090FAD4 /* ViewController.swift */ = {isa = PBXFileReference; lastKnownFileType = sourcecode.swift; path = ViewController.swift; sourceTree = "<group>"; };
		557C2B582B9740D00090FAD4 /* Assets.xcassets */ = {isa = PBXFileReference; lastKnownFileType = folder.assetcatalog; path = Assets.xcassets; sourceTree = "<group>"; };
		557C2B5D2B9740D00090FAD4 /* Info.plist */ = {isa = PBXFileReference; lastKnownFileType = text.plist.xml; path = Info.plist; sourceTree = "<group>"; };
		557C2B6C2BA0A2B60090FAD4 /* Event.swift */ = {isa = PBXFileReference; lastKnownFileType = sourcecode.swift; path = Event.swift; sourceTree = "<group>"; };
		557C2B6E2BA0A2CD0090FAD4 /* League.swift */ = {isa = PBXFileReference; lastKnownFileType = sourcecode.swift; path = League.swift; sourceTree = "<group>"; };
		557C2B712BA0A3560090FAD4 /* MatchStatus.swift */ = {isa = PBXFileReference; lastKnownFileType = sourcecode.swift; path = MatchStatus.swift; sourceTree = "<group>"; };
		557C2B732BA0A5900090FAD4 /* FootballTeam.swift */ = {isa = PBXFileReference; lastKnownFileType = sourcecode.swift; path = FootballTeam.swift; sourceTree = "<group>"; };
		557C2B762BA1C0020090FAD4 /* DataSourceProtocol.swift */ = {isa = PBXFileReference; lastKnownFileType = sourcecode.swift; path = DataSourceProtocol.swift; sourceTree = "<group>"; };
		557C2B782BA1C05A0090FAD4 /* MockData.swift */ = {isa = PBXFileReference; lastKnownFileType = sourcecode.swift; path = MockData.swift; sourceTree = "<group>"; };
		557C2B7A2BA1C57A0090FAD4 /* EventRepository.swift */ = {isa = PBXFileReference; lastKnownFileType = sourcecode.swift; path = EventRepository.swift; sourceTree = "<group>"; };
		557C2B7F2BA1C8930090FAD4 /* EventView.swift */ = {isa = PBXFileReference; lastKnownFileType = sourcecode.swift; path = EventView.swift; sourceTree = "<group>"; };
		557C2B822BA1CC690090FAD4 /* Fonts.swift */ = {isa = PBXFileReference; lastKnownFileType = sourcecode.swift; path = Fonts.swift; sourceTree = "<group>"; };
		557C2B842BA1CC990090FAD4 /* Colors.swift */ = {isa = PBXFileReference; lastKnownFileType = sourcecode.swift; path = Colors.swift; sourceTree = "<group>"; };
		557C2B862BA1CCB80090FAD4 /* Strings.swift */ = {isa = PBXFileReference; lastKnownFileType = sourcecode.swift; path = Strings.swift; sourceTree = "<group>"; };
		557C2B882BA1FC8F0090FAD4 /* LeagueView.swift */ = {isa = PBXFileReference; lastKnownFileType = sourcecode.swift; path = LeagueView.swift; sourceTree = "<group>"; };
		557C2B8A2BA206FF0090FAD4 /* Roboto-Bold.ttf */ = {isa = PBXFileReference; lastKnownFileType = file; path = "Roboto-Bold.ttf"; sourceTree = "<group>"; };
		557C2B8B2BA206FF0090FAD4 /* Roboto-Regular.ttf */ = {isa = PBXFileReference; lastKnownFileType = file; path = "Roboto-Regular.ttf"; sourceTree = "<group>"; };
		557C2B8F2BA207770090FAD4 /* Roboto Condensed Regular.ttf */ = {isa = PBXFileReference; lastKnownFileType = file; path = "Roboto Condensed Regular.ttf"; sourceTree = "<group>"; };
		557C2B932BA465150090FAD4 /* TeamInfoView.swift */ = {isa = PBXFileReference; lastKnownFileType = sourcecode.swift; path = TeamInfoView.swift; sourceTree = "<group>"; };
		557C2B952BA46D300090FAD4 /* TeamScoreView.swift */ = {isa = PBXFileReference; lastKnownFileType = sourcecode.swift; path = TeamScoreView.swift; sourceTree = "<group>"; };
		557C2BCF2BA99E8A0090FAD4 /* EventsViewController.swift */ = {isa = PBXFileReference; lastKnownFileType = sourcecode.swift; path = EventsViewController.swift; sourceTree = "<group>"; };
		557C2BD12BA9A3A20090FAD4 /* EventCell.swift */ = {isa = PBXFileReference; lastKnownFileType = sourcecode.swift; path = EventCell.swift; sourceTree = "<group>"; };
		557C2BD32BA9C7BD0090FAD4 /* LeagueCell.swift */ = {isa = PBXFileReference; lastKnownFileType = sourcecode.swift; path = LeagueCell.swift; sourceTree = "<group>"; };
		557C2BDB2BA9D9520090FAD4 /* Section.swift */ = {isa = PBXFileReference; lastKnownFileType = sourcecode.swift; path = Section.swift; sourceTree = "<group>"; };
/* End PBXFileReference section */

/* Begin PBXFrameworksBuildPhase section */
		557C2B492B9740CE0090FAD4 /* Frameworks */ = {
			isa = PBXFrameworksBuildPhase;
			buildActionMask = 2147483647;
			files = (
				557C2B652BA09F030090FAD4 /* SnapKit in Frameworks */,
				557C2B6A2BA09F440090FAD4 /* SofaAcademic in Frameworks */,
				557C2B672BA09F030090FAD4 /* SnapKit-Dynamic in Frameworks */,
			);
			runOnlyForDeploymentPostprocessing = 0;
		};
/* End PBXFrameworksBuildPhase section */

/* Begin PBXGroup section */
		557C2B432B9740CE0090FAD4 = {
			isa = PBXGroup;
			children = (
				557C2B4E2B9740CE0090FAD4 /* Sofascore */,
				557C2B4D2B9740CE0090FAD4 /* Products */,
			);
			sourceTree = "<group>";
		};
		557C2B4D2B9740CE0090FAD4 /* Products */ = {
			isa = PBXGroup;
			children = (
				557C2B4C2B9740CE0090FAD4 /* Sofascore.app */,
			);
			name = Products;
			sourceTree = "<group>";
		};
		557C2B4E2B9740CE0090FAD4 /* Sofascore */ = {
			isa = PBXGroup;
			children = (
				557C2B8E2BA207290090FAD4 /* Fonts */,
				557C2B812BA1CC550090FAD4 /* Styles */,
				557C2B752BA1BF8B0090FAD4 /* Data */,
				557C2B6B2BA0A2A80090FAD4 /* Model */,
				557C2B4F2B9740CE0090FAD4 /* AppDelegate.swift */,
				557C2B512B9740CF0090FAD4 /* SceneDelegate.swift */,
				557C2B532B9740CF0090FAD4 /* ViewController.swift */,
				557C2BCF2BA99E8A0090FAD4 /* EventsViewController.swift */,
				557C2B582B9740D00090FAD4 /* Assets.xcassets */,
				557C2B5D2B9740D00090FAD4 /* Info.plist */,
				557C2B7F2BA1C8930090FAD4 /* EventView.swift */,
				557C2B882BA1FC8F0090FAD4 /* LeagueView.swift */,
				557C2B932BA465150090FAD4 /* TeamInfoView.swift */,
				557C2B952BA46D300090FAD4 /* TeamScoreView.swift */,
				557C2BD12BA9A3A20090FAD4 /* EventCell.swift */,
				557C2BD32BA9C7BD0090FAD4 /* LeagueCell.swift */,
			);
			path = Sofascore;
			sourceTree = "<group>";
		};
		557C2B6B2BA0A2A80090FAD4 /* Model */ = {
			isa = PBXGroup;
			children = (
				557C2B6C2BA0A2B60090FAD4 /* Event.swift */,
				557C2B6E2BA0A2CD0090FAD4 /* League.swift */,
				557C2B712BA0A3560090FAD4 /* MatchStatus.swift */,
				557C2B732BA0A5900090FAD4 /* FootballTeam.swift */,
				557C2BDB2BA9D9520090FAD4 /* Section.swift */,
			);
			path = Model;
			sourceTree = "<group>";
		};
		557C2B752BA1BF8B0090FAD4 /* Data */ = {
			isa = PBXGroup;
			children = (
				557C2B762BA1C0020090FAD4 /* DataSourceProtocol.swift */,
				557C2B782BA1C05A0090FAD4 /* MockData.swift */,
				557C2B7A2BA1C57A0090FAD4 /* EventRepository.swift */,
			);
			path = Data;
			sourceTree = "<group>";
		};
		557C2B812BA1CC550090FAD4 /* Styles */ = {
			isa = PBXGroup;
			children = (
				557C2B822BA1CC690090FAD4 /* Fonts.swift */,
				557C2B842BA1CC990090FAD4 /* Colors.swift */,
				557C2B862BA1CCB80090FAD4 /* Strings.swift */,
			);
			path = Styles;
			sourceTree = "<group>";
		};
		557C2B8E2BA207290090FAD4 /* Fonts */ = {
			isa = PBXGroup;
			children = (
				557C2B8F2BA207770090FAD4 /* Roboto Condensed Regular.ttf */,
				557C2B8A2BA206FF0090FAD4 /* Roboto-Bold.ttf */,
				557C2B8B2BA206FF0090FAD4 /* Roboto-Regular.ttf */,
			);
			path = Fonts;
			sourceTree = "<group>";
		};
/* End PBXGroup section */

/* Begin PBXNativeTarget section */
		557C2B4B2B9740CE0090FAD4 /* Sofascore */ = {
			isa = PBXNativeTarget;
			buildConfigurationList = 557C2B602B9740D00090FAD4 /* Build configuration list for PBXNativeTarget "Sofascore" */;
			buildPhases = (
				557C2B482B9740CE0090FAD4 /* Sources */,
				557C2B492B9740CE0090FAD4 /* Frameworks */,
				557C2B4A2B9740CE0090FAD4 /* Resources */,
			);
			buildRules = (
			);
			dependencies = (
			);
			name = Sofascore;
			packageProductDependencies = (
				557C2B642BA09F030090FAD4 /* SnapKit */,
				557C2B662BA09F030090FAD4 /* SnapKit-Dynamic */,
				557C2B692BA09F440090FAD4 /* SofaAcademic */,
			);
			productName = Sofascore;
			productReference = 557C2B4C2B9740CE0090FAD4 /* Sofascore.app */;
			productType = "com.apple.product-type.application";
		};
/* End PBXNativeTarget section */

/* Begin PBXProject section */
		557C2B442B9740CE0090FAD4 /* Project object */ = {
			isa = PBXProject;
			attributes = {
				BuildIndependentTargetsInParallel = 1;
				LastSwiftUpdateCheck = 1500;
				LastUpgradeCheck = 1500;
				TargetAttributes = {
					557C2B4B2B9740CE0090FAD4 = {
						CreatedOnToolsVersion = 15.0.1;
					};
				};
			};
			buildConfigurationList = 557C2B472B9740CE0090FAD4 /* Build configuration list for PBXProject "Sofascore" */;
			compatibilityVersion = "Xcode 14.0";
			developmentRegion = en;
			hasScannedForEncodings = 0;
			knownRegions = (
				en,
				Base,
			);
			mainGroup = 557C2B432B9740CE0090FAD4;
			packageReferences = (
				557C2B632BA09F030090FAD4 /* XCRemoteSwiftPackageReference "SnapKit" */,
				557C2B682BA09F440090FAD4 /* XCRemoteSwiftPackageReference "academy" */,
			);
			productRefGroup = 557C2B4D2B9740CE0090FAD4 /* Products */;
			projectDirPath = "";
			projectRoot = "";
			targets = (
				557C2B4B2B9740CE0090FAD4 /* Sofascore */,
			);
		};
/* End PBXProject section */

/* Begin PBXResourcesBuildPhase section */
		557C2B4A2B9740CE0090FAD4 /* Resources */ = {
			isa = PBXResourcesBuildPhase;
			buildActionMask = 2147483647;
			files = (
				557C2B8D2BA206FF0090FAD4 /* Roboto-Regular.ttf in Resources */,
				557C2B8C2BA206FF0090FAD4 /* Roboto-Bold.ttf in Resources */,
				557C2B902BA207770090FAD4 /* Roboto Condensed Regular.ttf in Resources */,
				557C2B592B9740D00090FAD4 /* Assets.xcassets in Resources */,
			);
			runOnlyForDeploymentPostprocessing = 0;
		};
/* End PBXResourcesBuildPhase section */

/* Begin PBXSourcesBuildPhase section */
		557C2B482B9740CE0090FAD4 /* Sources */ = {
			isa = PBXSourcesBuildPhase;
			buildActionMask = 2147483647;
			files = (
				557C2BD22BA9A3A20090FAD4 /* EventCell.swift in Sources */,
				557C2B832BA1CC690090FAD4 /* Fonts.swift in Sources */,
				557C2B872BA1CCB80090FAD4 /* Strings.swift in Sources */,
				557C2BDC2BA9D9520090FAD4 /* Section.swift in Sources */,
				557C2B962BA46D300090FAD4 /* TeamScoreView.swift in Sources */,
				557C2B772BA1C0020090FAD4 /* DataSourceProtocol.swift in Sources */,
				557C2B6D2BA0A2B60090FAD4 /* Event.swift in Sources */,
				557C2B802BA1C8930090FAD4 /* EventView.swift in Sources */,
				557C2B542B9740CF0090FAD4 /* ViewController.swift in Sources */,
				557C2B502B9740CE0090FAD4 /* AppDelegate.swift in Sources */,
				557C2B7B2BA1C57A0090FAD4 /* EventRepository.swift in Sources */,
				557C2B852BA1CC990090FAD4 /* Colors.swift in Sources */,
				557C2B792BA1C05A0090FAD4 /* MockData.swift in Sources */,
				557C2B742BA0A5900090FAD4 /* FootballTeam.swift in Sources */,
				557C2B942BA465150090FAD4 /* TeamInfoView.swift in Sources */,
				557C2BD42BA9C7BD0090FAD4 /* LeagueCell.swift in Sources */,
				557C2B6F2BA0A2CD0090FAD4 /* League.swift in Sources */,
				557C2B522B9740CF0090FAD4 /* SceneDelegate.swift in Sources */,
				557C2B892BA1FC8F0090FAD4 /* LeagueView.swift in Sources */,
				557C2B722BA0A3560090FAD4 /* MatchStatus.swift in Sources */,
				557C2BD02BA99E8A0090FAD4 /* EventsViewController.swift in Sources */,
			);
			runOnlyForDeploymentPostprocessing = 0;
		};
/* End PBXSourcesBuildPhase section */

/* Begin XCBuildConfiguration section */
		557C2B5E2B9740D00090FAD4 /* Debug */ = {
			isa = XCBuildConfiguration;
			buildSettings = {
				ALWAYS_SEARCH_USER_PATHS = NO;
				ASSETCATALOG_COMPILER_GENERATE_SWIFT_ASSET_SYMBOL_EXTENSIONS = YES;
				CLANG_ANALYZER_NONNULL = YES;
				CLANG_ANALYZER_NUMBER_OBJECT_CONVERSION = YES_AGGRESSIVE;
				CLANG_CXX_LANGUAGE_STANDARD = "gnu++20";
				CLANG_ENABLE_MODULES = YES;
				CLANG_ENABLE_OBJC_ARC = YES;
				CLANG_ENABLE_OBJC_WEAK = YES;
				CLANG_WARN_BLOCK_CAPTURE_AUTORELEASING = YES;
				CLANG_WARN_BOOL_CONVERSION = YES;
				CLANG_WARN_COMMA = YES;
				CLANG_WARN_CONSTANT_CONVERSION = YES;
				CLANG_WARN_DEPRECATED_OBJC_IMPLEMENTATIONS = YES;
				CLANG_WARN_DIRECT_OBJC_ISA_USAGE = YES_ERROR;
				CLANG_WARN_DOCUMENTATION_COMMENTS = YES;
				CLANG_WARN_EMPTY_BODY = YES;
				CLANG_WARN_ENUM_CONVERSION = YES;
				CLANG_WARN_INFINITE_RECURSION = YES;
				CLANG_WARN_INT_CONVERSION = YES;
				CLANG_WARN_NON_LITERAL_NULL_CONVERSION = YES;
				CLANG_WARN_OBJC_IMPLICIT_RETAIN_SELF = YES;
				CLANG_WARN_OBJC_LITERAL_CONVERSION = YES;
				CLANG_WARN_OBJC_ROOT_CLASS = YES_ERROR;
				CLANG_WARN_QUOTED_INCLUDE_IN_FRAMEWORK_HEADER = YES;
				CLANG_WARN_RANGE_LOOP_ANALYSIS = YES;
				CLANG_WARN_STRICT_PROTOTYPES = YES;
				CLANG_WARN_SUSPICIOUS_MOVE = YES;
				CLANG_WARN_UNGUARDED_AVAILABILITY = YES_AGGRESSIVE;
				CLANG_WARN_UNREACHABLE_CODE = YES;
				CLANG_WARN__DUPLICATE_METHOD_MATCH = YES;
				COPY_PHASE_STRIP = NO;
				DEBUG_INFORMATION_FORMAT = dwarf;
				ENABLE_STRICT_OBJC_MSGSEND = YES;
				ENABLE_TESTABILITY = YES;
				ENABLE_USER_SCRIPT_SANDBOXING = YES;
				GCC_C_LANGUAGE_STANDARD = gnu17;
				GCC_DYNAMIC_NO_PIC = NO;
				GCC_NO_COMMON_BLOCKS = YES;
				GCC_OPTIMIZATION_LEVEL = 0;
				GCC_PREPROCESSOR_DEFINITIONS = (
					"DEBUG=1",
					"$(inherited)",
				);
				GCC_WARN_64_TO_32_BIT_CONVERSION = YES;
				GCC_WARN_ABOUT_RETURN_TYPE = YES_ERROR;
				GCC_WARN_UNDECLARED_SELECTOR = YES;
				GCC_WARN_UNINITIALIZED_AUTOS = YES_AGGRESSIVE;
				GCC_WARN_UNUSED_FUNCTION = YES;
				GCC_WARN_UNUSED_VARIABLE = YES;
				IPHONEOS_DEPLOYMENT_TARGET = 17.0;
				LOCALIZATION_PREFERS_STRING_CATALOGS = YES;
				MTL_ENABLE_DEBUG_INFO = INCLUDE_SOURCE;
				MTL_FAST_MATH = YES;
				ONLY_ACTIVE_ARCH = YES;
				SDKROOT = iphoneos;
				SWIFT_ACTIVE_COMPILATION_CONDITIONS = "DEBUG $(inherited)";
				SWIFT_OPTIMIZATION_LEVEL = "-Onone";
			};
			name = Debug;
		};
		557C2B5F2B9740D00090FAD4 /* Release */ = {
			isa = XCBuildConfiguration;
			buildSettings = {
				ALWAYS_SEARCH_USER_PATHS = NO;
				ASSETCATALOG_COMPILER_GENERATE_SWIFT_ASSET_SYMBOL_EXTENSIONS = YES;
				CLANG_ANALYZER_NONNULL = YES;
				CLANG_ANALYZER_NUMBER_OBJECT_CONVERSION = YES_AGGRESSIVE;
				CLANG_CXX_LANGUAGE_STANDARD = "gnu++20";
				CLANG_ENABLE_MODULES = YES;
				CLANG_ENABLE_OBJC_ARC = YES;
				CLANG_ENABLE_OBJC_WEAK = YES;
				CLANG_WARN_BLOCK_CAPTURE_AUTORELEASING = YES;
				CLANG_WARN_BOOL_CONVERSION = YES;
				CLANG_WARN_COMMA = YES;
				CLANG_WARN_CONSTANT_CONVERSION = YES;
				CLANG_WARN_DEPRECATED_OBJC_IMPLEMENTATIONS = YES;
				CLANG_WARN_DIRECT_OBJC_ISA_USAGE = YES_ERROR;
				CLANG_WARN_DOCUMENTATION_COMMENTS = YES;
				CLANG_WARN_EMPTY_BODY = YES;
				CLANG_WARN_ENUM_CONVERSION = YES;
				CLANG_WARN_INFINITE_RECURSION = YES;
				CLANG_WARN_INT_CONVERSION = YES;
				CLANG_WARN_NON_LITERAL_NULL_CONVERSION = YES;
				CLANG_WARN_OBJC_IMPLICIT_RETAIN_SELF = YES;
				CLANG_WARN_OBJC_LITERAL_CONVERSION = YES;
				CLANG_WARN_OBJC_ROOT_CLASS = YES_ERROR;
				CLANG_WARN_QUOTED_INCLUDE_IN_FRAMEWORK_HEADER = YES;
				CLANG_WARN_RANGE_LOOP_ANALYSIS = YES;
				CLANG_WARN_STRICT_PROTOTYPES = YES;
				CLANG_WARN_SUSPICIOUS_MOVE = YES;
				CLANG_WARN_UNGUARDED_AVAILABILITY = YES_AGGRESSIVE;
				CLANG_WARN_UNREACHABLE_CODE = YES;
				CLANG_WARN__DUPLICATE_METHOD_MATCH = YES;
				COPY_PHASE_STRIP = NO;
				DEBUG_INFORMATION_FORMAT = "dwarf-with-dsym";
				ENABLE_NS_ASSERTIONS = NO;
				ENABLE_STRICT_OBJC_MSGSEND = YES;
				ENABLE_USER_SCRIPT_SANDBOXING = YES;
				GCC_C_LANGUAGE_STANDARD = gnu17;
				GCC_NO_COMMON_BLOCKS = YES;
				GCC_WARN_64_TO_32_BIT_CONVERSION = YES;
				GCC_WARN_ABOUT_RETURN_TYPE = YES_ERROR;
				GCC_WARN_UNDECLARED_SELECTOR = YES;
				GCC_WARN_UNINITIALIZED_AUTOS = YES_AGGRESSIVE;
				GCC_WARN_UNUSED_FUNCTION = YES;
				GCC_WARN_UNUSED_VARIABLE = YES;
				IPHONEOS_DEPLOYMENT_TARGET = 17.0;
				LOCALIZATION_PREFERS_STRING_CATALOGS = YES;
				MTL_ENABLE_DEBUG_INFO = NO;
				MTL_FAST_MATH = YES;
				SDKROOT = iphoneos;
				SWIFT_COMPILATION_MODE = wholemodule;
				VALIDATE_PRODUCT = YES;
			};
			name = Release;
		};
		557C2B612B9740D00090FAD4 /* Debug */ = {
			isa = XCBuildConfiguration;
			buildSettings = {
				ASSETCATALOG_COMPILER_APPICON_NAME = AppIcon;
				ASSETCATALOG_COMPILER_GLOBAL_ACCENT_COLOR_NAME = AccentColor;
				CODE_SIGN_STYLE = Automatic;
				CURRENT_PROJECT_VERSION = 1;
				DEVELOPMENT_TEAM = 8XB34C5UT7;
				GENERATE_INFOPLIST_FILE = YES;
				INFOPLIST_FILE = Sofascore/Info.plist;
				INFOPLIST_KEY_UIApplicationSupportsIndirectInputEvents = YES;
				INFOPLIST_KEY_UILaunchStoryboardName = LaunchScreen;
				INFOPLIST_KEY_UIMainStoryboardFile = "";
				INFOPLIST_KEY_UISupportedInterfaceOrientations_iPad = "UIInterfaceOrientationPortrait UIInterfaceOrientationPortraitUpsideDown UIInterfaceOrientationLandscapeLeft UIInterfaceOrientationLandscapeRight";
				INFOPLIST_KEY_UISupportedInterfaceOrientations_iPhone = "UIInterfaceOrientationPortrait UIInterfaceOrientationLandscapeLeft UIInterfaceOrientationLandscapeRight";
				LD_RUNPATH_SEARCH_PATHS = (
					"$(inherited)",
					"@executable_path/Frameworks",
				);
				MARKETING_VERSION = 1.0;
				PRODUCT_BUNDLE_IDENTIFIER = com.mnovak.Sofascore;
				PRODUCT_NAME = "$(TARGET_NAME)";
				SWIFT_EMIT_LOC_STRINGS = YES;
				SWIFT_VERSION = 5.0;
				TARGETED_DEVICE_FAMILY = "1,2";
			};
			name = Debug;
		};
		557C2B622B9740D00090FAD4 /* Release */ = {
			isa = XCBuildConfiguration;
			buildSettings = {
				ASSETCATALOG_COMPILER_APPICON_NAME = AppIcon;
				ASSETCATALOG_COMPILER_GLOBAL_ACCENT_COLOR_NAME = AccentColor;
				CODE_SIGN_STYLE = Automatic;
				CURRENT_PROJECT_VERSION = 1;
				DEVELOPMENT_TEAM = 8XB34C5UT7;
				GENERATE_INFOPLIST_FILE = YES;
				INFOPLIST_FILE = Sofascore/Info.plist;
				INFOPLIST_KEY_UIApplicationSupportsIndirectInputEvents = YES;
				INFOPLIST_KEY_UILaunchStoryboardName = LaunchScreen;
				INFOPLIST_KEY_UIMainStoryboardFile = "";
				INFOPLIST_KEY_UISupportedInterfaceOrientations_iPad = "UIInterfaceOrientationPortrait UIInterfaceOrientationPortraitUpsideDown UIInterfaceOrientationLandscapeLeft UIInterfaceOrientationLandscapeRight";
				INFOPLIST_KEY_UISupportedInterfaceOrientations_iPhone = "UIInterfaceOrientationPortrait UIInterfaceOrientationLandscapeLeft UIInterfaceOrientationLandscapeRight";
				LD_RUNPATH_SEARCH_PATHS = (
					"$(inherited)",
					"@executable_path/Frameworks",
				);
				MARKETING_VERSION = 1.0;
				PRODUCT_BUNDLE_IDENTIFIER = com.mnovak.Sofascore;
				PRODUCT_NAME = "$(TARGET_NAME)";
				SWIFT_EMIT_LOC_STRINGS = YES;
				SWIFT_VERSION = 5.0;
				TARGETED_DEVICE_FAMILY = "1,2";
			};
			name = Release;
		};
/* End XCBuildConfiguration section */

/* Begin XCConfigurationList section */
		557C2B472B9740CE0090FAD4 /* Build configuration list for PBXProject "Sofascore" */ = {
			isa = XCConfigurationList;
			buildConfigurations = (
				557C2B5E2B9740D00090FAD4 /* Debug */,
				557C2B5F2B9740D00090FAD4 /* Release */,
			);
			defaultConfigurationIsVisible = 0;
			defaultConfigurationName = Release;
		};
		557C2B602B9740D00090FAD4 /* Build configuration list for PBXNativeTarget "Sofascore" */ = {
			isa = XCConfigurationList;
			buildConfigurations = (
				557C2B612B9740D00090FAD4 /* Debug */,
				557C2B622B9740D00090FAD4 /* Release */,
			);
			defaultConfigurationIsVisible = 0;
			defaultConfigurationName = Release;
		};
/* End XCConfigurationList section */

/* Begin XCRemoteSwiftPackageReference section */
		557C2B632BA09F030090FAD4 /* XCRemoteSwiftPackageReference "SnapKit" */ = {
			isa = XCRemoteSwiftPackageReference;
			repositoryURL = "https://github.com/SnapKit/SnapKit";
			requirement = {
				kind = upToNextMajorVersion;
				minimumVersion = 5.7.1;
			};
		};
		557C2B682BA09F440090FAD4 /* XCRemoteSwiftPackageReference "academy" */ = {
			isa = XCRemoteSwiftPackageReference;
			repositoryURL = "https://github.com/sofascore/academy";
			requirement = {
				branch = master;
				kind = branch;
			};
		};
/* End XCRemoteSwiftPackageReference section */

/* Begin XCSwiftPackageProductDependency section */
		557C2B642BA09F030090FAD4 /* SnapKit */ = {
			isa = XCSwiftPackageProductDependency;
			package = 557C2B632BA09F030090FAD4 /* XCRemoteSwiftPackageReference "SnapKit" */;
			productName = SnapKit;
		};
		557C2B662BA09F030090FAD4 /* SnapKit-Dynamic */ = {
			isa = XCSwiftPackageProductDependency;
			package = 557C2B632BA09F030090FAD4 /* XCRemoteSwiftPackageReference "SnapKit" */;
			productName = "SnapKit-Dynamic";
		};
		557C2B692BA09F440090FAD4 /* SofaAcademic */ = {
			isa = XCSwiftPackageProductDependency;
			package = 557C2B682BA09F440090FAD4 /* XCRemoteSwiftPackageReference "academy" */;
			productName = SofaAcademic;
		};
/* End XCSwiftPackageProductDependency section */
	};
	rootObject = 557C2B442B9740CE0090FAD4 /* Project object */;
}
